
Microsoft Visual Studio Solution File, Format Version 12.00
# Visual Studio Version 17
VisualStudioVersion = 17.0.31903.59
MinimumVisualStudioVersion = 10.0.40219.1
Project("{FAE04EC0-301F-11D3-BF4B-00C04F79EFBC}") = "BankApp", "BankApp\BankApp.csproj", "{A2222CCF-706F-4638-9C7A-C94476A230F7}"
EndProject
Project("{FAE04EC0-301F-11D3-BF4B-00C04F79EFBC}") = "BankApp.Tests", "BankApp.Tests\BankApp.Tests.csproj", "{BB615EFE-00AB-4197-9FE9-DF301E945284}"
EndProject
Global
	GlobalSection(SolutionConfigurationPlatforms) = preSolution
		Debug|Any CPU = Debug|Any CPU
		Release|Any CPU = Release|Any CPU
	EndGlobalSection
	GlobalSection(SolutionProperties) = preSolution
		HideSolutionNode = FALSE
	EndGlobalSection
	GlobalSection(ProjectConfigurationPlatforms) = postSolution
		{A2222CCF-706F-4638-9C7A-C94476A230F7}.Debug|Any CPU.ActiveCfg = Debug|Any CPU
		{A2222CCF-706F-4638-9C7A-C94476A230F7}.Debug|Any CPU.Build.0 = Debug|Any CPU
		{A2222CCF-706F-4638-9C7A-C94476A230F7}.Release|Any CPU.ActiveCfg = Release|Any CPU
		{A2222CCF-706F-4638-9C7A-C94476A230F7}.Release|Any CPU.Build.0 = Release|Any CPU
		{BB615EFE-00AB-4197-9FE9-DF301E945284}.Debug|Any CPU.ActiveCfg = Debug|Any CPU
		{BB615EFE-00AB-4197-9FE9-DF301E945284}.Debug|Any CPU.Build.0 = Debug|Any CPU
		{BB615EFE-00AB-4197-9FE9-DF301E945284}.Release|Any CPU.ActiveCfg = Release|Any CPU
		{BB615EFE-00AB-4197-9FE9-DF301E945284}.Release|Any CPU.Build.0 = Release|Any CPU
	EndGlobalSection
EndGlobal
